dependencies:
- name: valkey
  repository: https://charts.bitnami.com/bitnami
  version: 2.4.7
- name: etcd
  repository: https://charts.bitnami.com/bitnami
  version: 10.7.3
- name: vitess-minimal
  repository: file://charts/vitess-minimal
  version: 0.1.0
digest: sha256:b8ff5d823dcc94ad86bf2bd344719edeb18a8e91456d76f03adbfe3d0a5f78a5
generated: "2025-09-09T16:49:17.064302+05:30"
